
Microsoft Visual Studio Solution File, Format Version 12.00
# Visual Studio Version 17
VisualStudioVersion = 17.7.34024.191
MinimumVisualStudioVersion = 10.0.40219.1
Project("{9A19103F-16F7-4668-BE54-9A1E7A4F7556}") = "TestService", "IntegralService146\TestService.csproj", "{8E4CBD14-DF87-4048-9C44-1A6AE5F852B6}"
EndProject
Project("{9A19103F-16F7-4668-BE54-9A1E7A4F7556}") = "TestService.Tests", "IntegralService146.Tests\TestService.Tests.csproj", "{04F3F184-87D7-45F6-BABB-5DFF599134C3}"
EndProject
Global
	GlobalSection(SolutionConfigurationPlatforms) = preSolution
		Debug|Any CPU = Debug|Any CPU
		Release|Any CPU = Release|Any CPU
	EndGlobalSection
	GlobalSection(ProjectConfigurationPlatforms) = postSolution
		{8E4CBD14-DF87-4048-9C44-1A6AE5F852B6}.Debug|Any CPU.ActiveCfg = Debug|Any CPU
		{8E4CBD14-DF87-4048-9C44-1A6AE5F852B6}.Debug|Any CPU.Build.0 = Debug|Any CPU
		{8E4CBD14-DF87-4048-9C44-1A6AE5F852B6}.Release|Any CPU.ActiveCfg = Release|Any CPU
		{8E4CBD14-DF87-4048-9C44-1A6AE5F852B6}.Release|Any CPU.Build.0 = Release|Any CPU
		{04F3F184-87D7-45F6-BABB-5DFF599134C3}.Debug|Any CPU.ActiveCfg = Debug|Any CPU
		{04F3F184-87D7-45F6-BABB-5DFF599134C3}.Debug|Any CPU.Build.0 = Debug|Any CPU
		{04F3F184-87D7-45F6-BABB-5DFF599134C3}.Release|Any CPU.ActiveCfg = Release|Any CPU
		{04F3F184-87D7-45F6-BABB-5DFF599134C3}.Release|Any CPU.Build.0 = Release|Any CPU
	EndGlobalSection
	GlobalSection(SolutionProperties) = preSolution
		HideSolutionNode = FALSE
	EndGlobalSection
	GlobalSection(ExtensibilityGlobals) = postSolution
		SolutionGuid = {F28FDFF0-21AC-4A84-B789-6A249158E122}
	EndGlobalSection
EndGlobal
